Microsoft Visual Studio Solution File, Format Version 12.00
# Visual Studio Version 17
VisualStudioVersion = 17.5.2.0
MinimumVisualStudioVersion = 10.0.40219.1
Project("{FAE04EC0-301F-11D3-BF4B-00C04F79EFBC}") = "mistake", "mistake.csproj", "{2E87C558-45C0-F79A-AE42-0FE2D7A03C60}"
EndProject
Global
	GlobalSection(SolutionConfigurationPlatforms) = preSolution
		Debug|Any CPU = Debug|Any CPU
		Release|Any CPU = Release|Any CPU
	EndGlobalSection
	GlobalSection(ProjectConfigurationPlatforms) = postSolution
		{2E87C558-45C0-F79A-AE42-0FE2D7A03C60}.Debug|Any CPU.ActiveCfg = Debug|Any CPU
		{2E87C558-45C0-F79A-AE42-0FE2D7A03C60}.Debug|Any CPU.Build.0 = Debug|Any CPU
		{2E87C558-45C0-F79A-AE42-0FE2D7A03C60}.Release|Any CPU.ActiveCfg = Release|Any CPU
		{2E87C558-45C0-F79A-AE42-0FE2D7A03C60}.Release|Any CPU.Build.0 = Release|Any CPU
	EndGlobalSection
	GlobalSection(SolutionProperties) = preSolution
		HideSolutionNode = FALSE
	EndGlobalSection
	GlobalSection(ExtensibilityGlobals) = postSolution
		SolutionGuid = {5B62D6D4-4525-40A8-9F50-4FEFD7E0FD97}
	EndGlobalSection
EndGlobal
